{
  "name": "@recogito/recogito-client-core",
  "version": "0.1.8",
  "lockfileVersion": 1,
  "requires": true,
  "dependencies": {
    "@babel/runtime": {
      "version": "7.11.2",
      "resolved": "https://registry.npmjs.org/@babel/runtime/-/runtime-7.11.2.tgz",
      "integrity": "sha512-TeWkU52so0mPtDcaCTxNBI/IHiz0pZgr8VEFqXFtZWpYD08ZB6FaSwVAS8MKRQAP3bYKiVjwysOJgMFY28o6Tw==",
      "requires": {
        "regenerator-runtime": "^0.13.4"
      }
    },
    "array.partial": {
      "version": "1.0.5",
      "resolved": "https://registry.npmjs.org/array.partial/-/array.partial-1.0.5.tgz",
      "integrity": "sha512-nkHH1dU6JXrwppCqdUD5M1R85vihgBqhk9miq+3WFwwRayNY1ggpOT6l99PppqYQ1Hcjv2amFfUzhe25eAcYfA=="
    },
    "classnames": {
      "version": "2.2.6",
      "resolved": "https://registry.npmjs.org/classnames/-/classnames-2.2.6.tgz",
      "integrity": "sha512-JR/iSQOSt+LQIWwrwEzJ9uk0xfN3mTVYMwt1Ir5mUcSN6pU+V4zQFFaJsclJbPuAUQH+yfWef6tm7l1quW3C8Q=="
    },
    "dom-align": {
      "version": "1.12.0",
      "resolved": "https://registry.npmjs.org/dom-align/-/dom-align-1.12.0.tgz",
      "integrity": "sha512-YkoezQuhp3SLFGdOlr5xkqZ640iXrnHAwVYcDg8ZKRUtO7mSzSC2BA5V0VuyAwPSJA4CLIc6EDDJh4bEsD2+zA=="
    },
    "js-tokens": {
      "version": "4.0.0",
      "resolved": "https://registry.npmjs.org/js-tokens/-/js-tokens-4.0.0.tgz",
      "integrity": "sha512-RdJUflcE3cUzKiMqQgsCu06FPu9UdIJO0beYbPhHN4k6apgJtifcoCtT9bcxOpYBtpD2kCM6Sbzg4CausW/PKQ=="
    },
    "loose-envify": {
      "version": "1.4.0",
      "resolved": "https://registry.npmjs.org/loose-envify/-/loose-envify-1.4.0.tgz",
      "integrity": "sha512-lyuxPGr/Wfhrlem2CL/UcnUc1zcqKAImBDzukY7Y5F/yQiNdko6+fRLevlw1HgMySw7f611UIY408EtxRSoK3Q==",
      "requires": {
        "js-tokens": "^3.0.0 || ^4.0.0"
      }
    },
    "performance-now": {
      "version": "2.1.0",
      "resolved": "https://registry.npmjs.org/performance-now/-/performance-now-2.1.0.tgz",
      "integrity": "sha1-Ywn04OX6kT7BxpMHrjZLSzd8nns="
    },
    "raf": {
      "version": "3.4.1",
      "resolved": "https://registry.npmjs.org/raf/-/raf-3.4.1.tgz",
      "integrity": "sha512-Sq4CW4QhwOHE8ucn6J34MqtZCeWFP2aQSmrlroYgqAV1PjStIhJXxYuTgUIfkEk7zTLjmIjLmU5q+fbD1NnOJA==",
      "requires": {
        "performance-now": "^2.1.0"
      }
    },
    "rc-align": {
      "version": "4.0.3",
      "resolved": "https://registry.npmjs.org/rc-align/-/rc-align-4.0.3.tgz",
      "integrity": "sha512-TpI0t1tvAo/wYdoZbZlkCK+MkQBqNuPyRZesfsji4tMlqoqQ0q0MhnC9JD5KGPitMvmSB+KWgFpaN2uTz4hw6Q==",
      "requires": {
        "@babel/runtime": "^7.10.1",
        "classnames": "2.x",
        "dom-align": "^1.7.0",
        "rc-util": "^5.0.1",
        "resize-observer-polyfill": "^1.5.1"
      }
    },
    "rc-motion": {
      "version": "1.1.2",
      "resolved": "https://registry.npmjs.org/rc-motion/-/rc-motion-1.1.2.tgz",
      "integrity": "sha512-YC/E7SSWKBFakYg4PENhSRWD4ZLDqkI7FKmutJcrMewZ91/ZIWfoZSDvPaBdKO0hsFrrzWepFhXQIq0FNnCMWA==",
      "requires": {
        "@babel/runtime": "^7.11.1",
        "classnames": "^2.2.1",
        "raf": "^3.4.1",
        "rc-util": "^5.0.6"
      }
    },
    "rc-resize-observer": {
      "version": "0.2.5",
      "resolved": "https://registry.npmjs.org/rc-resize-observer/-/rc-resize-observer-0.2.5.tgz",
      "integrity": "sha512-cc4sOI722MVoCkGf/ZZybDVsjxvnH0giyDdA7wBJLTiMSFJ0eyxBMnr0JLYoClxftjnr75Xzl/VUB3HDrAx04Q==",
      "requires": {
        "@babel/runtime": "^7.10.1",
        "classnames": "^2.2.1",
        "rc-util": "^5.0.0",
        "resize-observer-polyfill": "^1.5.1"
      }
    },
    "rc-select": {
      "version": "11.2.0",
      "resolved": "https://registry.npmjs.org/rc-select/-/rc-select-11.2.0.tgz",
      "integrity": "sha512-rw9XH2ALt/lpXDM/gULWiPDkEh5UndLDMqZo5FRiZji7MYLg+CbmcFpvJ6iYN5KpKosyLsCWrwvzeWZOCL6q0Q==",
      "requires": {
        "@babel/runtime": "^7.10.1",
        "classnames": "2.x",
        "rc-motion": "^1.0.1",
        "rc-trigger": "^4.3.0",
        "rc-util": "^5.0.1",
        "rc-virtual-list": "^3.0.3",
        "warning": "^4.0.3"
      }
    },
    "rc-tree": {
      "version": "3.9.5",
      "resolved": "https://registry.npmjs.org/rc-tree/-/rc-tree-3.9.5.tgz",
      "integrity": "sha512-ZGVl1o83hZoz971pzY9Y7yZM+f9qcia1Gym+QNyc3zMGQVshbr6CX2WZ8xUK18tTkdRSqbTXmZFnvYf1lfqT8A==",
      "requires": {
        "@babel/runtime": "^7.10.1",
        "classnames": "2.x",
        "rc-motion": "^1.0.0",
        "rc-util": "^5.0.0",
        "rc-virtual-list": "^3.0.1"
      }
    },
    "rc-tree-select": {
      "version": "4.1.2",
      "resolved": "https://registry.npmjs.org/rc-tree-select/-/rc-tree-select-4.1.2.tgz",
      "integrity": "sha512-2tRwZ4ChY+BarVKHoPR65kSZtopgwKCig6ngJiiTVgYfRdAhfdQp2j2+L8YW9TkosYGmwgTOhmlphlG3QNy7Pg==",
      "requires": {
        "@babel/runtime": "^7.10.1",
        "classnames": "2.x",
        "rc-select": "^11.1.1",
        "rc-tree": "^3.8.0",
        "rc-util": "^5.0.5"
      }
    },
    "rc-trigger": {
      "version": "4.4.2",
      "resolved": "https://registry.npmjs.org/rc-trigger/-/rc-trigger-4.4.2.tgz",
      "integrity": "sha512-uw2/s7j1b/RXyixa4omPuxZWv/3ln+H+p0v3trIUBxseolbdj8TTFpXYjXMZdGtMpAEAIbN1yo/K+r7wRB+xtQ==",
      "requires": {
        "@babel/runtime": "^7.10.1",
        "classnames": "^2.2.6",
        "raf": "^3.4.1",
        "rc-align": "^4.0.0",
        "rc-motion": "^1.0.0",
        "rc-util": "^5.0.1"
      }
    },
    "rc-util": {
      "version": "5.2.1",
      "resolved": "https://registry.npmjs.org/rc-util/-/rc-util-5.2.1.tgz",
      "integrity": "sha512-OnIKp4DsYZpT3St9LwiGARXyMR38wNbk7C4jXS6NGAGHZEQWck7W6qfiJwj+MUmhJiUisAknU6BUs65exbhFTw==",
      "requires": {
        "react-is": "^16.12.0",
        "shallowequal": "^1.1.0"
      }
    },
    "rc-virtual-list": {
      "version": "3.0.13",
      "resolved": "https://registry.npmjs.org/rc-virtual-list/-/rc-virtual-list-3.0.13.tgz",
      "integrity": "sha512-POf1buTgrPrqHDSAOMexjo6XiWhUrHIEvtL/spX4GS9K2ZR9XuDjWOdU/QFfd65U5cobyW8UCBOcJ9BSLjlavw==",
      "requires": {
        "classnames": "^2.2.6",
        "rc-resize-observer": "^0.2.3",
        "rc-util": "^5.0.7"
      }
    },
    "react-dropdown-tree-select": {
      "version": "2.4.1",
      "resolved": "https://registry.npmjs.org/react-dropdown-tree-select/-/react-dropdown-tree-select-2.4.1.tgz",
      "integrity": "sha512-LTC4D3hzUP3h7aj4Gs8WPXzVFCJIkfA544Mr+YHRO1IVtes5FX4Dkm6gK5tHlACt2Nq4cw9bseY7a9VLI/Ru3A==",
      "requires": {
        "array.partial": "^1.0.5",
        "react-infinite-scroll-component": "^4.0.2"
      }
    },
    "react-infinite-scroll-component": {
      "version": "4.5.3",
      "resolved": "https://registry.npmjs.org/react-infinite-scroll-component/-/react-infinite-scroll-component-4.5.3.tgz",
      "integrity": "sha512-8O0PIeYZx0xFVS1ChLlLl/1obn64vylzXeheLsm+t0qUibmet7U6kDaKFg6jVRQJwDikWBTcyqEFFsxrbFCO5w=="
    },
    "react-is": {
      "version": "16.13.1",
      "resolved": "https://registry.npmjs.org/react-is/-/react-is-16.13.1.tgz",
      "integrity": "sha512-24e6ynE2H+OKt4kqsOvNd8kBpV65zoxbA4BVsEOB3ARVWQki/DHzaUoC5KuON/BiccDaCCTZBuOcfZs70kR8bQ=="
    },
    "regenerator-runtime": {
      "version": "0.13.7",
      "resolved": "https://registry.npmjs.org/regenerator-runtime/-/regenerator-runtime-0.13.7.tgz",
      "integrity": "sha512-a54FxoJDIr27pgf7IgeQGxmqUNYrcV338lf/6gH456HZ/PhX+5BcwHXG9ajESmwe6WRO0tAzRUrRmNONWgkrew=="
    },
    "resize-observer-polyfill": {
      "version": "1.5.1",
      "resolved": "https://registry.npmjs.org/resize-observer-polyfill/-/resize-observer-polyfill-1.5.1.tgz",
      "integrity": "sha512-LwZrotdHOo12nQuZlHEmtuXdqGoOD0OhaxopaNFxWzInpEgaLWoVuAMbTzixuosCx2nEG58ngzW3vxdWoxIgdg=="
    },
    "shallowequal": {
      "version": "1.1.0",
      "resolved": "https://registry.npmjs.org/shallowequal/-/shallowequal-1.1.0.tgz",
      "integrity": "sha512-y0m1JoUZSlPAjXVtPPW70aZWfIL/dSP7AFkRnniLCrK/8MDKog3TySTBmckD+RObVxH0v4Tox67+F14PdED2oQ=="
    },
    "uuid": {
      "version": "8.3.0",
      "resolved": "https://registry.npmjs.org/uuid/-/uuid-8.3.0.tgz",
      "integrity": "sha512-fX6Z5o4m6XsXBdli9g7DtWgAx+osMsRRZFKma1mIUsLCz6vRvv+pz5VNbyu9UEDzpMWulZfvpgb/cmDXVulYFQ=="
    },
    "warning": {
      "version": "4.0.3",
      "resolved": "https://registry.npmjs.org/warning/-/warning-4.0.3.tgz",
      "integrity": "sha512-rpJyN222KWIvHJ/F53XSZv0Zl/accqHR8et1kpaMTD/fLCRxtV8iX8czMzY7sVZupTI3zcUTg8eycS2kNF9l6w==",
      "requires": {
        "loose-envify": "^1.0.0"
      }
    }
  }
}
